// !$*UTF8*$!
{
	archiveVersion = 1;
	classes = {
	};
	objectVersion = 46;
	objects = {

/* Begin PBXBuildFile section */
		2DDE74C1190E741A00B49AE7 /* libFXForms.a in Frameworks */ = {isa = PBXBuildFile; fileRef = 2DDE74AE190E741A00B49AE7 /* libFXForms.a */; };
		2DDE74C7190E741A00B49AE7 /* InfoPlist.strings in Resources */ = {isa = PBXBuildFile; fileRef = 2DDE74C5190E741A00B49AE7 /* InfoPlist.strings */; };
		2DDE74C9190E741B00B49AE7 /* FXFormsTests.m in Sources */ = {isa = PBXBuildFile; fileRef = 2DDE74C8190E741B00B49AE7 /* FXFormsTests.m */; };
		2DDE74D0190E748F00B49AE7 /* FXForms.m in Sources */ = {isa = PBXBuildFile; fileRef = 2DDE74A7190E732A00B49AE7 /* FXForms.m */; };
		2DDE74D3190E779900B49AE7 /* UIKit.framework in Frameworks */ = {isa = PBXBuildFile; fileRef = 2DDE74D2190E779900B49AE7 /* UIKit.framework */; };
		2DDE74D5190E77DC00B49AE7 /* Foundation.framework in Frameworks */ = {isa = PBXBuildFile; fileRef = 2DDE74D4190E77DC00B49AE7 /* Foundation.framework */; };
		2DDE74D6190E77EC00B49AE7 /* Foundation.framework in Frameworks */ = {isa = PBXBuildFile; fileRef = 2DDE74D4190E77DC00B49AE7 /* Foundation.framework */; };
		2DDE74DB190EA1A100B49AE7 /* XCTest.framework in Frameworks */ = {isa = PBXBuildFile; fileRef = 2DDE74D9190E817300B49AE7 /* XCTest.framework */; };
/* End PBXBuildFile section */

/* Begin PBXContainerItemProxy section */
		2DDE74BF190E741A00B49AE7 /* PBXContainerItemProxy */ = {
			isa = PBXContainerItemProxy;
			containerPortal = 2DDE7487190E72A500B49AE7 /* Project object */;
			proxyType = 1;
			remoteGlobalIDString = 2DDE74AD190E741A00B49AE7;
			remoteInfo = FXForms;
		};
/* End PBXContainerItemProxy section */

/* Begin PBXCopyFilesBuildPhase section */
		2DDE74AC190E741A00B49AE7 /* CopyFiles */ = {
			isa = PBXCopyFilesBuildPhase;
			buildActionMask = 2147483647;
			dstPath = "include/$(PRODUCT_NAME)";
			dstSubfolderSpec = 16;
			files = (
			);
			runOnlyForDeploymentPostprocessing = 0;
		};
/* End PBXCopyFilesBuildPhase section */

/* Begin PBXFileReference section */
		2DDE74A7190E732A00B49AE7 /* FXForms.m */ = {isa = PBXFileReference; fileEncoding = 4; lastKnownFileType = sourcecode.c.objc; path = FXForms.m; sourceTree = "<group>"; };
		2DDE74A8190E732A00B49AE7 /* FXForms.h */ = {isa = PBXFileReference; fileEncoding = 4; lastKnownFileType = sourcecode.c.h; path = FXForms.h; sourceTree = "<group>"; };
		2DDE74AE190E741A00B49AE7 /* libFXForms.a */ = {isa = PBXFileReference; explicitFileType = archive.ar; includeInIndex = 0; path = libFXForms.a; sourceTree = BUILT_PRODUCTS_DIR; };
		2DDE74BB190E741A00B49AE7 /* FXFormsTests.xctest */ = {isa = PBXFileReference; explicitFileType = wrapper.cfbundle; includeInIndex = 0; path = FXFormsTests.xctest; sourceTree = BUILT_PRODUCTS_DIR; };
		2DDE74C4190E741A00B49AE7 /* FXFormsTests-Info.plist */ = {isa = PBXFileReference; lastKnownFileType = text.plist.xml; path = "FXFormsTests-Info.plist"; sourceTree = "<group>"; };
		2DDE74C6190E741A00B49AE7 /* en */ = {isa = PBXFileReference; lastKnownFileType = text.plist.strings; name = en; path = en.lproj/InfoPlist.strings; sourceTree = "<group>"; };
		2DDE74C8190E741B00B49AE7 /* FXFormsTests.m */ = {isa = PBXFileReference; lastKnownFileType = sourcecode.c.objc; path = FXFormsTests.m; sourceTree = "<group>"; };
		2DDE74D2190E779900B49AE7 /* UIKit.framework */ = {isa = PBXFileReference; lastKnownFileType = wrapper.framework; name = UIKit.framework; path = Platforms/iPhoneOS.platform/Developer/SDKs/iPhoneOS7.1.sdk/System/Library/Frameworks/UIKit.framework; sourceTree = DEVELOPER_DIR; };
		2DDE74D4190E77DC00B49AE7 /* Foundation.framework */ = {isa = PBXFileReference; lastKnownFileType = wrapper.framework; name = Foundation.framework; path = Platforms/iPhoneOS.platform/Developer/SDKs/iPhoneOS7.1.sdk/System/Library/Frameworks/Foundation.framework; sourceTree = DEVELOPER_DIR; };
		2DDE74D9190E817300B49AE7 /* XCTest.framework */ = {isa = PBXFileReference; lastKnownFileType = wrapper.framework; name = XCTest.framework; path = Library/Frameworks/XCTest.framework; sourceTree = DEVELOPER_DIR; };
/* End PBXFileReference section */

/* Begin PBXFrameworksBuildPhase section */
		2DDE74AB190E741A00B49AE7 /* Frameworks */ = {
			isa = PBXFrameworksBuildPhase;
			buildActionMask = 2147483647;
			files = (
				2DDE74D5190E77DC00B49AE7 /* Foundation.framework in Frameworks */,
				2DDE74D3190E779900B49AE7 /* UIKit.framework in Frameworks */,
			);
			runOnlyForDeploymentPostprocessing = 0;
		};
		2DDE74B8190E741A00B49AE7 /* Frameworks */ = {
			isa = PBXFrameworksBuildPhase;
			buildActionMask = 2147483647;
			files = (
				2DDE74D6190E77EC00B49AE7 /* Foundation.framework in Frameworks */,
				2DDE74DB190EA1A100B49AE7 /* XCTest.framework in Frameworks */,
				2DDE74C1190E741A00B49AE7 /* libFXForms.a in Frameworks */,
			);
			runOnlyForDeploymentPostprocessing = 0;
		};
/* End PBXFrameworksBuildPhase section */

/* Begin PBXGroup section */
		2DDE7486190E72A500B49AE7 = {
			isa = PBXGroup;
			children = (
				2DDE74A6190E731300B49AE7 /* FXForms */,
				2DDE74C2190E741A00B49AE7 /* FXFormsTests */,
				2DDE7493190E730A00B49AE7 /* Frameworks */,
				2DDE7492190E730A00B49AE7 /* Products */,
			);
			sourceTree = "<group>";
		};
		2DDE7492190E730A00B49AE7 /* Products */ = {
			isa = PBXGroup;
			children = (
				2DDE74AE190E741A00B49AE7 /* libFXForms.a */,
				2DDE74BB190E741A00B49AE7 /* FXFormsTests.xctest */,
			);
			name = Products;
			sourceTree = "<group>";
		};
		2DDE7493190E730A00B49AE7 /* Frameworks */ = {
			isa = PBXGroup;
			children = (
				2DDE74D9190E817300B49AE7 /* XCTest.framework */,
				2DDE74D4190E77DC00B49AE7 /* Foundation.framework */,
				2DDE74D2190E779900B49AE7 /* UIKit.framework */,
			);
			name = Frameworks;
			sourceTree = "<group>";
		};
		2DDE74A6190E731300B49AE7 /* FXForms */ = {
			isa = PBXGroup;
			children = (
				2DDE74A8190E732A00B49AE7 /* FXForms.h */,
				2DDE74A7190E732A00B49AE7 /* FXForms.m */,
			);
			name = FXForms;
			path = ../../FXForms;
			sourceTree = "<group>";
		};
		2DDE74C2190E741A00B49AE7 /* FXFormsTests */ = {
			isa = PBXGroup;
			children = (
				2DDE74C8190E741B00B49AE7 /* FXFormsTests.m */,
				2DDE74C3190E741A00B49AE7 /* Supporting Files */,
			);
			path = FXFormsTests;
			sourceTree = "<group>";
		};
		2DDE74C3190E741A00B49AE7 /* Supporting Files */ = {
			isa = PBXGroup;
			children = (
				2DDE74C4190E741A00B49AE7 /* FXFormsTests-Info.plist */,
				2DDE74C5190E741A00B49AE7 /* InfoPlist.strings */,
			);
			name = "Supporting Files";
			sourceTree = "<group>";
		};
/* End PBXGroup section */

/* Begin PBXNativeTarget section */
		2DDE74AD190E741A00B49AE7 /* FXForms */ = {
			isa = PBXNativeTarget;
			buildConfigurationList = 2DDE74CA190E741B00B49AE7 /* Build configuration list for PBXNativeTarget "FXForms" */;
			buildPhases = (
				2DDE74AA190E741A00B49AE7 /* Sources */,
				2DDE74AB190E741A00B49AE7 /* Frameworks */,
				2DDE74AC190E741A00B49AE7 /* CopyFiles */,
			);
			buildRules = (
			);
			dependencies = (
			);
			name = FXForms;
			productName = FXForms;
			productReference = 2DDE74AE190E741A00B49AE7 /* libFXForms.a */;
			productType = "com.apple.product-type.library.static";
		};
		2DDE74BA190E741A00B49AE7 /* FXFormsTests */ = {
			isa = PBXNativeTarget;
			buildConfigurationList = 2DDE74CD190E741B00B49AE7 /* Build configuration list for PBXNativeTarget "FXFormsTests" */;
			buildPhases = (
				2DDE74B7190E741A00B49AE7 /* Sources */,
				2DDE74B8190E741A00B49AE7 /* Frameworks */,
				2DDE74B9190E741A00B49AE7 /* Resources */,
			);
			buildRules = (
			);
			dependencies = (
				2DDE74C0190E741A00B49AE7 /* PBXTargetDependency */,
			);
			name = FXFormsTests;
			productName = FXFormsTests;
			productReference = 2DDE74BB190E741A00B49AE7 /* FXFormsTests.xctest */;
			productType = "com.apple.product-type.bundle.unit-test";
		};
/* End PBXNativeTarget section */

/* Begin PBXProject section */
		2DDE7487190E72A500B49AE7 /* Project object */ = {
			isa = PBXProject;
			attributes = {
				LastUpgradeCheck = 0510;
			};
			buildConfigurationList = 2DDE748A190E72A500B49AE7 /* Build configuration list for PBXProject "FXFormsTests" */;
			compatibilityVersion = "Xcode 3.2";
			developmentRegion = English;
			hasScannedForEncodings = 0;
			knownRegions = (
				en,
			);
			mainGroup = 2DDE7486190E72A500B49AE7;
			productRefGroup = 2DDE7492190E730A00B49AE7 /* Products */;
			projectDirPath = "";
			projectRoot = "";
			targets = (
				2DDE74AD190E741A00B49AE7 /* FXForms */,
				2DDE74BA190E741A00B49AE7 /* FXFormsTests */,
			);
		};
/* End PBXProject section */

/* Begin PBXResourcesBuildPhase section */
		2DDE74B9190E741A00B49AE7 /* Resources */ = {
			isa = PBXResourcesBuildPhase;
			buildActionMask = 2147483647;
			files = (
				2DDE74C7190E741A00B49AE7 /* InfoPlist.strings in Resources */,
			);
			runOnlyForDeploymentPostprocessing = 0;
		};
/* End PBXResourcesBuildPhase section */

/* Begin PBXSourcesBuildPhase section */
		2DDE74AA190E741A00B49AE7 /* Sources */ = {
			isa = PBXSourcesBuildPhase;
			buildActionMask = 2147483647;
			files = (
				2DDE74D0190E748F00B49AE7 /* FXForms.m in Sources */,
			);
			runOnlyForDeploymentPostprocessing = 0;
		};
		2DDE74B7190E741A00B49AE7 /* Sources */ = {
			isa = PBXSourcesBuildPhase;
			buildActionMask = 2147483647;
			files = (
				2DDE74C9190E741B00B49AE7 /* FXFormsTests.m in Sources */,
			);
			runOnlyForDeploymentPostprocessing = 0;
		};
/* End PBXSourcesBuildPhase section */

/* Begin PBXTargetDependency section */
		2DDE74C0190E741A00B49AE7 /* PBXTargetDependency */ = {
			isa = PBXTargetDependency;
			target = 2DDE74AD190E741A00B49AE7 /* FXForms */;
			targetProxy = 2DDE74BF190E741A00B49AE7 /* PBXContainerItemProxy */;
		};
/* End PBXTargetDependency section */

/* Begin PBXVariantGroup section */
		2DDE74C5190E741A00B49AE7 /* InfoPlist.strings */ = {
			isa = PBXVariantGroup;
			children = (
				2DDE74C6190E741A00B49AE7 /* en */,
			);
			name = InfoPlist.strings;
			sourceTree = "<group>";
		};
/* End PBXVariantGroup section */

/* Begin XCBuildConfiguration section */
		2DDE748B190E72A500B49AE7 /* Debug */ = {
			isa = XCBuildConfiguration;
			buildSettings = {
				CLANG_WARN_BOOL_CONVERSION = YES;
				CLANG_WARN_CONSTANT_CONVERSION = YES;
				CLANG_WARN_CXX0X_EXTENSIONS = YES;
				CLANG_WARN_DEPRECATED_OBJC_IMPLEMENTATIONS = YES;
				CLANG_WARN_DIRECT_OBJC_ISA_USAGE = YES_ERROR;
				CLANG_WARN_DOCUMENTATION_COMMENTS = YES;
				CLANG_WARN_EMPTY_BODY = YES;
				CLANG_WARN_ENUM_CONVERSION = YES;
				CLANG_WARN_IMPLICIT_SIGN_CONVERSION = YES;
				CLANG_WARN_INT_CONVERSION = YES;
				CLANG_WARN_OBJC_IMPLICIT_ATOMIC_PROPERTIES = YES;
				CLANG_WARN_OBJC_MISSING_PROPERTY_SYNTHESIS = YES;
				CLANG_WARN_SUSPICIOUS_IMPLICIT_CONVERSION = YES;
				CLANG_WARN__DUPLICATE_METHOD_MATCH = YES;
				CLANG_WARN__EXIT_TIME_DESTRUCTORS = YES;
				GCC_TREAT_IMPLICIT_FUNCTION_DECLARATIONS_AS_ERRORS = YES;
				GCC_TREAT_INCOMPATIBLE_POINTER_TYPE_WARNINGS_AS_ERRORS = YES;
				GCC_TREAT_WARNINGS_AS_ERRORS = YES;
				GCC_WARN_64_TO_32_BIT_CONVERSION = YES;
				GCC_WARN_ABOUT_MISSING_FIELD_INITIALIZERS = YES;
				GCC_WARN_ABOUT_MISSING_NEWLINE = YES;
				GCC_WARN_ABOUT_MISSING_PROTOTYPES = YES;
				GCC_WARN_ABOUT_RETURN_TYPE = YES_ERROR;
				GCC_WARN_FOUR_CHARACTER_CONSTANTS = YES;
				GCC_WARN_HIDDEN_VIRTUAL_FUNCTIONS = YES;
				GCC_WARN_INITIALIZER_NOT_FULLY_BRACKETED = YES;
				GCC_WARN_MULTIPLE_DEFINITION_TYPES_FOR_SELECTOR = YES;
				GCC_WARN_NON_VIRTUAL_DESTRUCTOR = YES;
				GCC_WARN_PEDANTIC = YES;
				GCC_WARN_SHADOW = YES;
				GCC_WARN_SIGN_COMPARE = YES;
				GCC_WARN_STRICT_SELECTOR_MATCH = YES;
				GCC_WARN_UNDECLARED_SELECTOR = YES;
				GCC_WARN_UNINITIALIZED_AUTOS = YES_AGGRESSIVE;
				GCC_WARN_UNKNOWN_PRAGMAS = YES;
				GCC_WARN_UNUSED_FUNCTION = YES;
				GCC_WARN_UNUSED_LABEL = YES;
				GCC_WARN_UNUSED_PARAMETER = YES;
				GCC_WARN_UNUSED_VARIABLE = YES;
				WARNING_CFLAGS = (
					"-Weverything",
					"-Wno-variadic-macros",
					"-Wno-gnu-zero-variadic-macro-arguments",
					"-Wno-gnu-statement-expression",
					"-Wno-objc-missing-property-synthesis",
					"-Wno-sign-compare",
					"-Wno-auto-import",
				);
			};
			name = Debug;
		};
		2DDE748C190E72A500B49AE7 /* Release */ = {
			isa = XCBuildConfiguration;
			buildSettings = {
				CLANG_WARN_BOOL_CONVERSION = YES;
				CLANG_WARN_CONSTANT_CONVERSION = YES;
				CLANG_WARN_CXX0X_EXTENSIONS = YES;
				CLANG_WARN_DEPRECATED_OBJC_IMPLEMENTATIONS = YES;
				CLANG_WARN_DIRECT_OBJC_ISA_USAGE = YES_ERROR;
				CLANG_WARN_DOCUMENTATION_COMMENTS = YES;
				CLANG_WARN_EMPTY_BODY = YES;
				CLANG_WARN_ENUM_CONVERSION = YES;
				CLANG_WARN_IMPLICIT_SIGN_CONVERSION = YES;
				CLANG_WARN_INT_CONVERSION = YES;
				CLANG_WARN_OBJC_IMPLICIT_ATOMIC_PROPERTIES = YES;
				CLANG_WARN_OBJC_MISSING_PROPERTY_SYNTHESIS = YES;
				CLANG_WARN_SUSPICIOUS_IMPLICIT_CONVERSION = YES;
				CLANG_WARN__DUPLICATE_METHOD_MATCH = YES;
				CLANG_WARN__EXIT_TIME_DESTRUCTORS = YES;
				GCC_TREAT_IMPLICIT_FUNCTION_DECLARATIONS_AS_ERRORS = YES;
				GCC_TREAT_INCOMPATIBLE_POINTER_TYPE_WARNINGS_AS_ERRORS = YES;
				GCC_TREAT_WARNINGS_AS_ERRORS = YES;
				GCC_WARN_64_TO_32_BIT_CONVERSION = YES;
				GCC_WARN_ABOUT_MISSING_FIELD_INITIALIZERS = YES;
				GCC_WARN_ABOUT_MISSING_NEWLINE = YES;
				GCC_WARN_ABOUT_MISSING_PROTOTYPES = YES;
				GCC_WARN_ABOUT_RETURN_TYPE = YES_ERROR;
				GCC_WARN_FOUR_CHARACTER_CONSTANTS = YES;
				GCC_WARN_HIDDEN_VIRTUAL_FUNCTIONS = YES;
				GCC_WARN_INITIALIZER_NOT_FULLY_BRACKETED = YES;
				GCC_WARN_MULTIPLE_DEFINITION_TYPES_FOR_SELECTOR = YES;
				GCC_WARN_NON_VIRTUAL_DESTRUCTOR = YES;
				GCC_WARN_PEDANTIC = YES;
				GCC_WARN_SHADOW = YES;
				GCC_WARN_SIGN_COMPARE = YES;
				GCC_WARN_STRICT_SELECTOR_MATCH = YES;
				GCC_WARN_UNDECLARED_SELECTOR = YES;
				GCC_WARN_UNINITIALIZED_AUTOS = YES_AGGRESSIVE;
				GCC_WARN_UNKNOWN_PRAGMAS = YES;
				GCC_WARN_UNUSED_FUNCTION = YES;
				GCC_WARN_UNUSED_LABEL = YES;
				GCC_WARN_UNUSED_PARAMETER = YES;
				GCC_WARN_UNUSED_VARIABLE = YES;
				WARNING_CFLAGS = (
					"-Weverything",
					"-Wno-variadic-macros",
					"-Wno-gnu-zero-variadic-macro-arguments",
					"-Wno-gnu-statement-expression",
					"-Wno-objc-missing-property-synthesis",
					"-Wno-sign-compare",
					"-Wno-auto-import",
				);
			};
			name = Release;
		};
		2DDE74CB190E741B00B49AE7 /* Debug */ = {
			isa = XCBuildConfiguration;
			buildSettings = {
				ALWAYS_SEARCH_USER_PATHS = NO;
				CLANG_CXX_LANGUAGE_STANDARD = "gnu++0x";
				CLANG_CXX_LIBRARY = "libc++";
				CLANG_ENABLE_MODULES = YES;
				CLANG_ENABLE_OBJC_ARC = YES;
				CLANG_STATIC_ANALYZER_MODE = deep;
				COPY_PHASE_STRIP = NO;
				DSTROOT = /tmp/FXForms.dst;
				FRAMEWORK_SEARCH_PATHS = (
					"$(inherited)",
					"$(DEVELOPER_FRAMEWORKS_DIR)",
					"$(SDKROOT)/Developer/Library/Frameworks",
				);
				GCC_C_LANGUAGE_STANDARD = gnu99;
				GCC_DYNAMIC_NO_PIC = NO;
				GCC_OPTIMIZATION_LEVEL = 0;
				GCC_PREPROCESSOR_DEFINITIONS = (
					"DEBUG=1",
					"$(inherited)",
				);
				GCC_SYMBOLS_PRIVATE_EXTERN = NO;
				IPHONEOS_DEPLOYMENT_TARGET = 7.1;
				ONLY_ACTIVE_ARCH = YES;
				OTHER_LDFLAGS = "-ObjC";
				PRODUCT_NAME = "$(TARGET_NAME)";
				RUN_CLANG_STATIC_ANALYZER = YES;
				SDKROOT = iphoneos;
				SKIP_INSTALL = YES;
			};
			name = Debug;
		};
		2DDE74CC190E741B00B49AE7 /* Release */ = {
			isa = XCBuildConfiguration;
			buildSettings = {
				ALWAYS_SEARCH_USER_PATHS = NO;
				CLANG_CXX_LANGUAGE_STANDARD = "gnu++0x";
				CLANG_CXX_LIBRARY = "libc++";
				CLANG_ENABLE_MODULES = YES;
				CLANG_ENABLE_OBJC_ARC = YES;
				CLANG_STATIC_ANALYZER_MODE = deep;
				COPY_PHASE_STRIP = YES;
				DSTROOT = /tmp/FXForms.dst;
				ENABLE_NS_ASSERTIONS = NO;
				FRAMEWORK_SEARCH_PATHS = (
					"$(inherited)",
					"$(DEVELOPER_FRAMEWORKS_DIR)",
					"$(SDKROOT)/Developer/Library/Frameworks",
				);
				GCC_C_LANGUAGE_STANDARD = gnu99;
				IPHONEOS_DEPLOYMENT_TARGET = 7.1;
				OTHER_LDFLAGS = "-ObjC";
				PRODUCT_NAME = "$(TARGET_NAME)";
				RUN_CLANG_STATIC_ANALYZER = YES;
				SDKROOT = iphoneos;
				SKIP_INSTALL = YES;
				VALIDATE_PRODUCT = YES;
			};
			name = Release;
		};
		2DDE74CE190E741B00B49AE7 /* Debug */ = {
			isa = XCBuildConfiguration;
			buildSettings = {
				ALWAYS_SEARCH_USER_PATHS = NO;
				CLANG_CXX_LANGUAGE_STANDARD = "gnu++0x";
				CLANG_CXX_LIBRARY = "libc++";
				CLANG_ENABLE_MODULES = NO;
				CLANG_ENABLE_OBJC_ARC = YES;
				CLANG_WARN_BOOL_CONVERSION = YES;
				CLANG_WARN_CONSTANT_CONVERSION = YES;
				CLANG_WARN_DIRECT_OBJC_ISA_USAGE = YES_ERROR;
				CLANG_WARN_EMPTY_BODY = YES;
				CLANG_WARN_ENUM_CONVERSION = YES;
				CLANG_WARN_INT_CONVERSION = YES;
				CLANG_WARN_OBJC_ROOT_CLASS = YES_ERROR;
				CLANG_WARN__DUPLICATE_METHOD_MATCH = YES;
				COPY_PHASE_STRIP = NO;
				FRAMEWORK_SEARCH_PATHS = (
					"$(SDKROOT)/Developer/Library/Frameworks",
					"$(inherited)",
					"$(DEVELOPER_FRAMEWORKS_DIR)",
				);
				GCC_C_LANGUAGE_STANDARD = gnu99;
				GCC_DYNAMIC_NO_PIC = NO;
				GCC_OPTIMIZATION_LEVEL = 0;
				GCC_PREPROCESSOR_DEFINITIONS = (
					"DEBUG=1",
					"$(inherited)",
				);
				GCC_SYMBOLS_PRIVATE_EXTERN = NO;
				GCC_WARN_64_TO_32_BIT_CONVERSION = YES;
				GCC_WARN_ABOUT_RETURN_TYPE = YES_ERROR;
				GCC_WARN_UNDECLARED_SELECTOR = YES;
				GCC_WARN_UNINITIALIZED_AUTOS = YES_AGGRESSIVE;
				GCC_WARN_UNUSED_FUNCTION = YES;
				GCC_WARN_UNUSED_VARIABLE = YES;
				INFOPLIST_FILE = "FXFormsTests/FXFormsTests-Info.plist";
				IPHONEOS_DEPLOYMENT_TARGET = 7.1;
				ONLY_ACTIVE_ARCH = YES;
				PRODUCT_NAME = "$(TARGET_NAME)";
				SDKROOT = iphoneos;
				WRAPPER_EXTENSION = xctest;
			};
			name = Debug;
		};
		2DDE74CF190E741B00B49AE7 /* Release */ = {
			isa = XCBuildConfiguration;
			buildSettings = {
				ALWAYS_SEARCH_USER_PATHS = NO;
				CLANG_CXX_LANGUAGE_STANDARD = "gnu++0x";
				CLANG_CXX_LIBRARY = "libc++";
				CLANG_ENABLE_MODULES = NO;
				CLANG_ENABLE_OBJC_ARC = YES;
				CLANG_WARN_BOOL_CONVERSION = YES;
				CLANG_WARN_CONSTANT_CONVERSION = YES;
				CLANG_WARN_DIRECT_OBJC_ISA_USAGE = YES_ERROR;
				CLANG_WARN_EMPTY_BODY = YES;
				CLANG_WARN_ENUM_CONVERSION = YES;
				CLANG_WARN_INT_CONVERSION = YES;
				CLANG_WARN_OBJC_ROOT_CLASS = YES_ERROR;
				CLANG_WARN__DUPLICATE_METHOD_MATCH = YES;
				COPY_PHASE_STRIP = YES;
				ENABLE_NS_ASSERTIONS = NO;
				FRAMEWORK_SEARCH_PATHS = (
					"$(SDKROOT)/Developer/Library/Frameworks",
					"$(inherited)",
					"$(DEVELOPER_FRAMEWORKS_DIR)",
				);
				GCC_C_LANGUAGE_STANDARD = gnu99;
				GCC_WARN_64_TO_32_BIT_CONVERSION = YES;
				GCC_WARN_ABOUT_RETURN_TYPE = YES_ERROR;
				GCC_WARN_UNDECLARED_SELECTOR = YES;
				GCC_WARN_UNINITIALIZED_AUTOS = YES_AGGRESSIVE;
				GCC_WARN_UNUSED_FUNCTION = YES;
				GCC_WARN_UNUSED_VARIABLE = YES;
				INFOPLIST_FILE = "FXFormsTests/FXFormsTests-Info.plist";
				IPHONEOS_DEPLOYMENT_TARGET = 7.1;
				PRODUCT_NAME = "$(TARGET_NAME)";
				SDKROOT = iphoneos;
				VALIDATE_PRODUCT = YES;
				WRAPPER_EXTENSION = xctest;
			};
			name = Release;
		};
/* End XCBuildConfiguration section */

/* Begin XCConfigurationList section */
		2DDE748A190E72A500B49AE7 /* Build configuration list for PBXProject "FXFormsTests" */ = {
			isa = XCConfigurationList;
			buildConfigurations = (
				2DDE748B190E72A500B49AE7 /* Debug */,
				2DDE748C190E72A500B49AE7 /* Release */,
			);
			defaultConfigurationIsVisible = 0;
			defaultConfigurationName = Release;
		};
		2DDE74CA190E741B00B49AE7 /* Build configuration list for PBXNativeTarget "FXForms" */ = {
			isa = XCConfigurationList;
			buildConfigurations = (
				2DDE74CB190E741B00B49AE7 /* Debug */,
				2DDE74CC190E741B00B49AE7 /* Release */,
			);
			defaultConfigurationIsVisible = 0;
			defaultConfigurationName = Release;
		};
		2DDE74CD190E741B00B49AE7 /* Build configuration list for PBXNativeTarget "FXFormsTests" */ = {
			isa = XCConfigurationList;
			buildConfigurations = (
				2DDE74CE190E741B00B49AE7 /* Debug */,
				2DDE74CF190E741B00B49AE7 /* Release */,
			);
			defaultConfigurationIsVisible = 0;
			defaultConfigurationName = Release;
		};
/* End XCConfigurationList section */
	};
	rootObject = 2DDE7487190E72A500B49AE7 /* Project object */;
}
